
Microsoft Visual Studio Solution File, Format Version 12.00
# Visual Studio 15
VisualStudioVersion = 15.0.26228.9
MinimumVisualStudioVersion = 10.0.40219.1
Project("{FAE04EC0-301F-11D3-BF4B-00C04F79EFBC}") = "React.Application", "React.Application\React.Application.csproj", "{8231F419-A6FB-4553-9E65-F2D22B3DF105}"
EndProject
Project("{FAE04EC0-301F-11D3-BF4B-00C04F79EFBC}") = "React.Core", "React.Core\React.Core.csproj", "{F27C39B5-862E-4D84-9D4D-461D5747A5A4}"
EndProject
Project("{FAE04EC0-301F-11D3-BF4B-00C04F79EFBC}") = "React.UnitTests", "React.UnitTests\React.UnitTests.csproj", "{D85CB9FD-3354-48CA-B85F-E93B232A44ED}"
EndProject
Project("{FAE04EC0-301F-11D3-BF4B-00C04F79EFBC}") = "React.DirectRenderer", "React.Direct2DRenderer\React.DirectRenderer.csproj", "{27C90C8F-DA91-448C-93E3-81038AE92790}"
EndProject
Project("{FAE04EC0-301F-11D3-BF4B-00C04F79EFBC}") = "React.Box", "React.Box\React.Box.csproj", "{CA33A43F-6C03-4D78-B7F3-09D9222427FD}"
EndProject
Project("{FAE04EC0-301F-11D3-BF4B-00C04F79EFBC}") = "React.Redux", "React.Redux\React.Redux.csproj", "{214947AD-4AB4-4DCA-BA63-C2D7AE8D7086}"
EndProject
Project("{FAE04EC0-301F-11D3-BF4B-00C04F79EFBC}") = "Redux.Core", "Redux.Core\Redux.Core.csproj", "{B63B4904-CFCC-458B-8398-C4534D5A2336}"
EndProject
Project("{FAE04EC0-301F-11D3-BF4B-00C04F79EFBC}") = "Redux.Box", "Redux.Box\Redux.Box.csproj", "{B0CEF5D7-AB63-4D38-A559-3596CEAE8F08}"
EndProject
Global
	GlobalSection(SolutionConfigurationPlatforms) = preSolution
		Debug|Any CPU = Debug|Any CPU
		Release|Any CPU = Release|Any CPU
	EndGlobalSection
	GlobalSection(ProjectConfigurationPlatforms) = postSolution
		{8231F419-A6FB-4553-9E65-F2D22B3DF105}.Debug|Any CPU.ActiveCfg = Debug|Any CPU
		{8231F419-A6FB-4553-9E65-F2D22B3DF105}.Debug|Any CPU.Build.0 = Debug|Any CPU
		{8231F419-A6FB-4553-9E65-F2D22B3DF105}.Release|Any CPU.ActiveCfg = Release|Any CPU
		{8231F419-A6FB-4553-9E65-F2D22B3DF105}.Release|Any CPU.Build.0 = Release|Any CPU
		{F27C39B5-862E-4D84-9D4D-461D5747A5A4}.Debug|Any CPU.ActiveCfg = Debug|Any CPU
		{F27C39B5-862E-4D84-9D4D-461D5747A5A4}.Debug|Any CPU.Build.0 = Debug|Any CPU
		{F27C39B5-862E-4D84-9D4D-461D5747A5A4}.Release|Any CPU.ActiveCfg = Release|Any CPU
		{F27C39B5-862E-4D84-9D4D-461D5747A5A4}.Release|Any CPU.Build.0 = Release|Any CPU
		{D85CB9FD-3354-48CA-B85F-E93B232A44ED}.Debug|Any CPU.ActiveCfg = Debug|Any CPU
		{D85CB9FD-3354-48CA-B85F-E93B232A44ED}.Debug|Any CPU.Build.0 = Debug|Any CPU
		{D85CB9FD-3354-48CA-B85F-E93B232A44ED}.Release|Any CPU.ActiveCfg = Release|Any CPU
		{D85CB9FD-3354-48CA-B85F-E93B232A44ED}.Release|Any CPU.Build.0 = Release|Any CPU
		{27C90C8F-DA91-448C-93E3-81038AE92790}.Debug|Any CPU.ActiveCfg = Debug|Any CPU
		{27C90C8F-DA91-448C-93E3-81038AE92790}.Debug|Any CPU.Build.0 = Debug|Any CPU
		{27C90C8F-DA91-448C-93E3-81038AE92790}.Release|Any CPU.ActiveCfg = Release|Any CPU
		{27C90C8F-DA91-448C-93E3-81038AE92790}.Release|Any CPU.Build.0 = Release|Any CPU
		{CA33A43F-6C03-4D78-B7F3-09D9222427FD}.Debug|Any CPU.ActiveCfg = Debug|Any CPU
		{CA33A43F-6C03-4D78-B7F3-09D9222427FD}.Debug|Any CPU.Build.0 = Debug|Any CPU
		{CA33A43F-6C03-4D78-B7F3-09D9222427FD}.Release|Any CPU.ActiveCfg = Release|Any CPU
		{CA33A43F-6C03-4D78-B7F3-09D9222427FD}.Release|Any CPU.Build.0 = Release|Any CPU
		{214947AD-4AB4-4DCA-BA63-C2D7AE8D7086}.Debug|Any CPU.ActiveCfg = Debug|Any CPU
		{214947AD-4AB4-4DCA-BA63-C2D7AE8D7086}.Debug|Any CPU.Build.0 = Debug|Any CPU
		{214947AD-4AB4-4DCA-BA63-C2D7AE8D7086}.Release|Any CPU.ActiveCfg = Release|Any CPU
		{214947AD-4AB4-4DCA-BA63-C2D7AE8D7086}.Release|Any CPU.Build.0 = Release|Any CPU
		{B63B4904-CFCC-458B-8398-C4534D5A2336}.Debug|Any CPU.ActiveCfg = Debug|Any CPU
		{B63B4904-CFCC-458B-8398-C4534D5A2336}.Debug|Any CPU.Build.0 = Debug|Any CPU
		{B63B4904-CFCC-458B-8398-C4534D5A2336}.Release|Any CPU.ActiveCfg = Release|Any CPU
		{B63B4904-CFCC-458B-8398-C4534D5A2336}.Release|Any CPU.Build.0 = Release|Any CPU
		{B0CEF5D7-AB63-4D38-A559-3596CEAE8F08}.Debug|Any CPU.ActiveCfg = Debug|Any CPU
		{B0CEF5D7-AB63-4D38-A559-3596CEAE8F08}.Debug|Any CPU.Build.0 = Debug|Any CPU
		{B0CEF5D7-AB63-4D38-A559-3596CEAE8F08}.Release|Any CPU.ActiveCfg = Release|Any CPU
		{B0CEF5D7-AB63-4D38-A559-3596CEAE8F08}.Release|Any CPU.Build.0 = Release|Any CPU
	EndGlobalSection
	GlobalSection(SolutionProperties) = preSolution
		HideSolutionNode = FALSE
	EndGlobalSection
EndGlobal
